
Microsoft Visual Studio Solution File, Format Version 12.00
# Visual Studio Version 17
VisualStudioVersion = 17.8.34525.116
MinimumVisualStudioVersion = 10.0.40219.1
Project("{FAE04EC0-301F-11D3-BF4B-00C04F79EFBC}") = "FlashCards", "FlashCards\FlashCards.csproj", "{BECE1EDF-F25C-4B70-AC76-6D507F1D6951}"
EndProject
Global
	GlobalSection(SolutionConfigurationPlatforms) = preSolution
		Debug|Any CPU = Debug|Any CPU
		Release|Any CPU = Release|Any CPU
	EndGlobalSection
	GlobalSection(ProjectConfigurationPlatforms) = postSolution
		{BECE1EDF-F25C-4B70-AC76-6D507F1D6951}.Debug|Any CPU.ActiveCfg = Debug|Any CPU
		{BECE1EDF-F25C-4B70-AC76-6D507F1D6951}.Debug|Any CPU.Build.0 = Debug|Any CPU
		{BECE1EDF-F25C-4B70-AC76-6D507F1D6951}.Release|Any CPU.ActiveCfg = Release|Any CPU
		{BECE1EDF-F25C-4B70-AC76-6D507F1D6951}.Release|Any CPU.Build.0 = Release|Any CPU
	EndGlobalSection
	GlobalSection(SolutionProperties) = preSolution
		HideSolutionNode = FALSE
	EndGlobalSection
	GlobalSection(ExtensibilityGlobals) = postSolution
		SolutionGuid = {C3FC255A-E781-40CD-9A22-A53BBCD0D467}
	EndGlobalSection
EndGlobal
